
Microsoft Visual Studio Solution File, Format Version 12.00
# Visual Studio Version 17
VisualStudioVersion = 17.0.31903.59
MinimumVisualStudioVersion = 10.0.40219.1
Project("{2150E333-8FDC-42A3-9474-1A3956D46DE8}") = "src", "src", "{47D2D3A0-0157-4563-A860-D81B3ABC9C27}"
EndProject
Project("{FAE04EC0-301F-11D3-BF4B-00C04F79EFBC}") = "UndyingBot.Core", "src\UndyingBot.Core\UndyingBot.Core.csproj", "{14E5745B-CAF1-4B76-AEB4-5D567D29D3D7}"
EndProject
Project("{FAE04EC0-301F-11D3-BF4B-00C04F79EFBC}") = "UndyingBot.Discord", "src\UndyingBot.Discord\UndyingBot.Discord.csproj", "{7F604163-8E15-48DF-85D9-4489AD9347B5}"
EndProject
Project("{2150E333-8FDC-42A3-9474-1A3956D46DE8}") = "lib", "lib", "{120D0C1F-A946-4C5F-9C23-F7A7962B40F3}"
EndProject
Project("{FAE04EC0-301F-11D3-BF4B-00C04F79EFBC}") = "Discord.Extensions.InteractionHandlers", "lib\Discord.Extensions.InteractionHandlers\Discord.Extensions.InteractionHandlers.csproj", "{95D0535B-2065-4891-B805-3C4052A3AF57}"
EndProject
Global
	GlobalSection(SolutionConfigurationPlatforms) = preSolution
		Debug|Any CPU = Debug|Any CPU
		Release|Any CPU = Release|Any CPU
	EndGlobalSection
	GlobalSection(SolutionProperties) = preSolution
		HideSolutionNode = FALSE
	EndGlobalSection
	GlobalSection(ProjectConfigurationPlatforms) = postSolution
		{14E5745B-CAF1-4B76-AEB4-5D567D29D3D7}.Debug|Any CPU.ActiveCfg = Debug|Any CPU
		{14E5745B-CAF1-4B76-AEB4-5D567D29D3D7}.Debug|Any CPU.Build.0 = Debug|Any CPU
		{14E5745B-CAF1-4B76-AEB4-5D567D29D3D7}.Release|Any CPU.ActiveCfg = Release|Any CPU
		{14E5745B-CAF1-4B76-AEB4-5D567D29D3D7}.Release|Any CPU.Build.0 = Release|Any CPU
		{7F604163-8E15-48DF-85D9-4489AD9347B5}.Debug|Any CPU.ActiveCfg = Debug|Any CPU
		{7F604163-8E15-48DF-85D9-4489AD9347B5}.Debug|Any CPU.Build.0 = Debug|Any CPU
		{7F604163-8E15-48DF-85D9-4489AD9347B5}.Release|Any CPU.ActiveCfg = Release|Any CPU
		{7F604163-8E15-48DF-85D9-4489AD9347B5}.Release|Any CPU.Build.0 = Release|Any CPU
		{95D0535B-2065-4891-B805-3C4052A3AF57}.Debug|Any CPU.ActiveCfg = Debug|Any CPU
		{95D0535B-2065-4891-B805-3C4052A3AF57}.Debug|Any CPU.Build.0 = Debug|Any CPU
		{95D0535B-2065-4891-B805-3C4052A3AF57}.Release|Any CPU.ActiveCfg = Release|Any CPU
		{95D0535B-2065-4891-B805-3C4052A3AF57}.Release|Any CPU.Build.0 = Release|Any CPU
	EndGlobalSection
	GlobalSection(NestedProjects) = preSolution
		{14E5745B-CAF1-4B76-AEB4-5D567D29D3D7} = {47D2D3A0-0157-4563-A860-D81B3ABC9C27}
		{7F604163-8E15-48DF-85D9-4489AD9347B5} = {47D2D3A0-0157-4563-A860-D81B3ABC9C27}
		{95D0535B-2065-4891-B805-3C4052A3AF57} = {120D0C1F-A946-4C5F-9C23-F7A7962B40F3}
	EndGlobalSection
EndGlobal
